
Microsoft Visual Studio Solution File, Format Version 12.00
Project("{2150E333-8FDC-42A3-9474-1A3956D46DE8}") = "src", "src", "{285DEAED-BC6F-4838-859C-64F9E1E0B31E}"
EndProject
Project("{2150E333-8FDC-42A3-9474-1A3956D46DE8}") = "Shared", "Shared", "{16D049D0-A36C-4A6D-B23B-6A7728787884}"
EndProject
Project("{2150E333-8FDC-42A3-9474-1A3956D46DE8}") = "Users", "Users", "{1033A7FA-04A9-4468-9171-159505A241F1}"
EndProject
Project("{FAE04EC0-301F-11D3-BF4B-00C04F79EFBC}") = "MeetMe.Modules.Users.Api", "src\Modules\Users\MeetMe.Modules.Users.Api\MeetMe.Modules.Users.Api.csproj", "{9C16EB70-E9C1-4D80-A7F2-C182D31DE44D}"
EndProject
Project("{FAE04EC0-301F-11D3-BF4B-00C04F79EFBC}") = "MeetMe.Shared", "src\Shared\MeetMe.Shared\MeetMe.Shared.csproj", "{57DFBB9A-54AD-4B6B-9B39-7CA5CAFE329C}"
EndProject
Project("{FAE04EC0-301F-11D3-BF4B-00C04F79EFBC}") = "MeetMe.Shared.Abstractions", "src\Shared\MeetMe.Shared.Abstractions\MeetMe.Shared.Abstractions.csproj", "{4DDBBFC6-F4EB-47DA-9F3B-ADDF58CD9AD1}"
EndProject
Project("{2150E333-8FDC-42A3-9474-1A3956D46DE8}") = "Modules", "Modules", "{D9F40369-0A2F-4BDB-AB91-DC4353587DB8}"
EndProject
Project("{2150E333-8FDC-42A3-9474-1A3956D46DE8}") = "Bootstrapper", "Bootstrapper", "{31BEB752-4734-4151-9BA0-3CE17FCA5CE3}"
EndProject
Project("{FAE04EC0-301F-11D3-BF4B-00C04F79EFBC}") = "MeetMe.Bootstapper", "src\Bootstrapper\MeetMe.Bootstapper\MeetMe.Bootstapper.csproj", "{B9AC76E9-EC92-4C9A-AAC5-AAEAD8BDF661}"
EndProject
Project("{FAE04EC0-301F-11D3-BF4B-00C04F79EFBC}") = "MeetMe.Modules.Users.Domain", "src\Modules\Users\MeetMe.Modules.Users.Domain\MeetMe.Modules.Users.Domain.csproj", "{FE8020BE-41D2-4FE1-9991-46C8C89A15FD}"
EndProject
Project("{FAE04EC0-301F-11D3-BF4B-00C04F79EFBC}") = "MeetMe.Modules.Users.Infrastructure", "src\Modules\Users\MeetMe.Modules.Users.Infrastructure\MeetMe.Modules.Users.Infrastructure.csproj", "{4DA0FC3C-E1A7-4EB5-ABE2-586A117D494F}"
EndProject
Project("{FAE04EC0-301F-11D3-BF4B-00C04F79EFBC}") = "MeetMe.Modules.Users.Application", "src\Modules\Users\MeetMe.Modules.Users.Application\MeetMe.Modules.Users.Application.csproj", "{558ADBF4-7B49-4AA0-A564-B237ADA05C5C}"
EndProject
Project("{2150E333-8FDC-42A3-9474-1A3956D46DE8}") = "Profiles", "Profiles", "{A9E17F42-8A0F-4DE6-A0DD-BFF6DA24E7DC}"
EndProject
Project("{FAE04EC0-301F-11D3-BF4B-00C04F79EFBC}") = "MeetMe.Modules.Users.Shared", "src\Modules\Users\MeetMe.Modules.Users.Shared\MeetMe.Modules.Users.Shared.csproj", "{43914EED-E4B3-4F79-85E9-F3140F822ED2}"
EndProject
Project("{FAE04EC0-301F-11D3-BF4B-00C04F79EFBC}") = "MeetMe.Modules.Profiles.Api", "src\Modules\Profiles\MeetMe.Modules.Profiles.Api\MeetMe.Modules.Profiles.Api.csproj", "{A3A74CC3-3266-4A27-8747-0EEA8FB33B04}"
EndProject
Project("{FAE04EC0-301F-11D3-BF4B-00C04F79EFBC}") = "MeetMe.Modules.Profiles.Core", "src\Modules\Profiles\MeetMe.Modules.Profiles.Core\MeetMe.Modules.Profiles.Core.csproj", "{DFF48185-BB49-4055-B2C1-871AFF7762EB}"
EndProject
Project("{FAE04EC0-301F-11D3-BF4B-00C04F79EFBC}") = "MeetMe.Modules.Profiles.Shared", "src\Modules\Profiles\MeetMe.Modules.Profiles.Shared\MeetMe.Modules.Profiles.Shared.csproj", "{4E3EBD19-0CE4-487A-BB73-D37FCA71C4D8}"
EndProject
Project("{2150E333-8FDC-42A3-9474-1A3956D46DE8}") = "Matching", "Matching", "{20F330E8-D9E6-4C6A-9325-827B71A4B362}"
EndProject
Project("{FAE04EC0-301F-11D3-BF4B-00C04F79EFBC}") = "MeetMe.Modules.Matching.Api", "src\Modules\MeetMe.Modules.Matching.Api\MeetMe.Modules.Matching.Api.csproj", "{92260D86-66C7-481F-B0DC-4D73DCF2F545}"
EndProject
Project("{FAE04EC0-301F-11D3-BF4B-00C04F79EFBC}") = "MeetMe.Modules.Matching.Core", "src\Modules\MeetMe.Modules.Matching.Core\MeetMe.Modules.Matching.Core.csproj", "{A5D912A0-A9AD-4BC4-93FA-6963DBC91E9C}"
EndProject
Global
	GlobalSection(SolutionConfigurationPlatforms) = preSolution
		Debug|Any CPU = Debug|Any CPU
		Release|Any CPU = Release|Any CPU
	EndGlobalSection
	GlobalSection(NestedProjects) = preSolution
		{16D049D0-A36C-4A6D-B23B-6A7728787884} = {285DEAED-BC6F-4838-859C-64F9E1E0B31E}
		{9C16EB70-E9C1-4D80-A7F2-C182D31DE44D} = {1033A7FA-04A9-4468-9171-159505A241F1}
		{57DFBB9A-54AD-4B6B-9B39-7CA5CAFE329C} = {16D049D0-A36C-4A6D-B23B-6A7728787884}
		{4DDBBFC6-F4EB-47DA-9F3B-ADDF58CD9AD1} = {16D049D0-A36C-4A6D-B23B-6A7728787884}
		{D9F40369-0A2F-4BDB-AB91-DC4353587DB8} = {285DEAED-BC6F-4838-859C-64F9E1E0B31E}
		{1033A7FA-04A9-4468-9171-159505A241F1} = {D9F40369-0A2F-4BDB-AB91-DC4353587DB8}
		{31BEB752-4734-4151-9BA0-3CE17FCA5CE3} = {285DEAED-BC6F-4838-859C-64F9E1E0B31E}
		{B9AC76E9-EC92-4C9A-AAC5-AAEAD8BDF661} = {31BEB752-4734-4151-9BA0-3CE17FCA5CE3}
		{FE8020BE-41D2-4FE1-9991-46C8C89A15FD} = {1033A7FA-04A9-4468-9171-159505A241F1}
		{4DA0FC3C-E1A7-4EB5-ABE2-586A117D494F} = {1033A7FA-04A9-4468-9171-159505A241F1}
		{558ADBF4-7B49-4AA0-A564-B237ADA05C5C} = {1033A7FA-04A9-4468-9171-159505A241F1}
		{A9E17F42-8A0F-4DE6-A0DD-BFF6DA24E7DC} = {D9F40369-0A2F-4BDB-AB91-DC4353587DB8}
		{43914EED-E4B3-4F79-85E9-F3140F822ED2} = {1033A7FA-04A9-4468-9171-159505A241F1}
		{A3A74CC3-3266-4A27-8747-0EEA8FB33B04} = {A9E17F42-8A0F-4DE6-A0DD-BFF6DA24E7DC}
		{DFF48185-BB49-4055-B2C1-871AFF7762EB} = {A9E17F42-8A0F-4DE6-A0DD-BFF6DA24E7DC}
		{4E3EBD19-0CE4-487A-BB73-D37FCA71C4D8} = {A9E17F42-8A0F-4DE6-A0DD-BFF6DA24E7DC}
		{20F330E8-D9E6-4C6A-9325-827B71A4B362} = {D9F40369-0A2F-4BDB-AB91-DC4353587DB8}
		{92260D86-66C7-481F-B0DC-4D73DCF2F545} = {20F330E8-D9E6-4C6A-9325-827B71A4B362}
		{A5D912A0-A9AD-4BC4-93FA-6963DBC91E9C} = {20F330E8-D9E6-4C6A-9325-827B71A4B362}
	EndGlobalSection
	GlobalSection(ProjectConfigurationPlatforms) = postSolution
		{9C16EB70-E9C1-4D80-A7F2-C182D31DE44D}.Debug|Any CPU.ActiveCfg = Debug|Any CPU
		{9C16EB70-E9C1-4D80-A7F2-C182D31DE44D}.Debug|Any CPU.Build.0 = Debug|Any CPU
		{9C16EB70-E9C1-4D80-A7F2-C182D31DE44D}.Release|Any CPU.ActiveCfg = Release|Any CPU
		{9C16EB70-E9C1-4D80-A7F2-C182D31DE44D}.Release|Any CPU.Build.0 = Release|Any CPU
		{57DFBB9A-54AD-4B6B-9B39-7CA5CAFE329C}.Debug|Any CPU.ActiveCfg = Debug|Any CPU
		{57DFBB9A-54AD-4B6B-9B39-7CA5CAFE329C}.Debug|Any CPU.Build.0 = Debug|Any CPU
		{57DFBB9A-54AD-4B6B-9B39-7CA5CAFE329C}.Release|Any CPU.ActiveCfg = Release|Any CPU
		{57DFBB9A-54AD-4B6B-9B39-7CA5CAFE329C}.Release|Any CPU.Build.0 = Release|Any CPU
		{4DDBBFC6-F4EB-47DA-9F3B-ADDF58CD9AD1}.Debug|Any CPU.ActiveCfg = Debug|Any CPU
		{4DDBBFC6-F4EB-47DA-9F3B-ADDF58CD9AD1}.Debug|Any CPU.Build.0 = Debug|Any CPU
		{4DDBBFC6-F4EB-47DA-9F3B-ADDF58CD9AD1}.Release|Any CPU.ActiveCfg = Release|Any CPU
		{4DDBBFC6-F4EB-47DA-9F3B-ADDF58CD9AD1}.Release|Any CPU.Build.0 = Release|Any CPU
		{B9AC76E9-EC92-4C9A-AAC5-AAEAD8BDF661}.Debug|Any CPU.ActiveCfg = Debug|Any CPU
		{B9AC76E9-EC92-4C9A-AAC5-AAEAD8BDF661}.Debug|Any CPU.Build.0 = Debug|Any CPU
		{B9AC76E9-EC92-4C9A-AAC5-AAEAD8BDF661}.Release|Any CPU.ActiveCfg = Release|Any CPU
		{B9AC76E9-EC92-4C9A-AAC5-AAEAD8BDF661}.Release|Any CPU.Build.0 = Release|Any CPU
		{FE8020BE-41D2-4FE1-9991-46C8C89A15FD}.Debug|Any CPU.ActiveCfg = Debug|Any CPU
		{FE8020BE-41D2-4FE1-9991-46C8C89A15FD}.Debug|Any CPU.Build.0 = Debug|Any CPU
		{FE8020BE-41D2-4FE1-9991-46C8C89A15FD}.Release|Any CPU.ActiveCfg = Release|Any CPU
		{FE8020BE-41D2-4FE1-9991-46C8C89A15FD}.Release|Any CPU.Build.0 = Release|Any CPU
		{4DA0FC3C-E1A7-4EB5-ABE2-586A117D494F}.Debug|Any CPU.ActiveCfg = Debug|Any CPU
		{4DA0FC3C-E1A7-4EB5-ABE2-586A117D494F}.Debug|Any CPU.Build.0 = Debug|Any CPU
		{4DA0FC3C-E1A7-4EB5-ABE2-586A117D494F}.Release|Any CPU.ActiveCfg = Release|Any CPU
		{4DA0FC3C-E1A7-4EB5-ABE2-586A117D494F}.Release|Any CPU.Build.0 = Release|Any CPU
		{558ADBF4-7B49-4AA0-A564-B237ADA05C5C}.Debug|Any CPU.ActiveCfg = Debug|Any CPU
		{558ADBF4-7B49-4AA0-A564-B237ADA05C5C}.Debug|Any CPU.Build.0 = Debug|Any CPU
		{558ADBF4-7B49-4AA0-A564-B237ADA05C5C}.Release|Any CPU.ActiveCfg = Release|Any CPU
		{558ADBF4-7B49-4AA0-A564-B237ADA05C5C}.Release|Any CPU.Build.0 = Release|Any CPU
		{43914EED-E4B3-4F79-85E9-F3140F822ED2}.Debug|Any CPU.ActiveCfg = Debug|Any CPU
		{43914EED-E4B3-4F79-85E9-F3140F822ED2}.Debug|Any CPU.Build.0 = Debug|Any CPU
		{43914EED-E4B3-4F79-85E9-F3140F822ED2}.Release|Any CPU.ActiveCfg = Release|Any CPU
		{43914EED-E4B3-4F79-85E9-F3140F822ED2}.Release|Any CPU.Build.0 = Release|Any CPU
		{A3A74CC3-3266-4A27-8747-0EEA8FB33B04}.Debug|Any CPU.ActiveCfg = Debug|Any CPU
		{A3A74CC3-3266-4A27-8747-0EEA8FB33B04}.Debug|Any CPU.Build.0 = Debug|Any CPU
		{A3A74CC3-3266-4A27-8747-0EEA8FB33B04}.Release|Any CPU.ActiveCfg = Release|Any CPU
		{A3A74CC3-3266-4A27-8747-0EEA8FB33B04}.Release|Any CPU.Build.0 = Release|Any CPU
		{DFF48185-BB49-4055-B2C1-871AFF7762EB}.Debug|Any CPU.ActiveCfg = Debug|Any CPU
		{DFF48185-BB49-4055-B2C1-871AFF7762EB}.Debug|Any CPU.Build.0 = Debug|Any CPU
		{DFF48185-BB49-4055-B2C1-871AFF7762EB}.Release|Any CPU.ActiveCfg = Release|Any CPU
		{DFF48185-BB49-4055-B2C1-871AFF7762EB}.Release|Any CPU.Build.0 = Release|Any CPU
		{4E3EBD19-0CE4-487A-BB73-D37FCA71C4D8}.Debug|Any CPU.ActiveCfg = Debug|Any CPU
		{4E3EBD19-0CE4-487A-BB73-D37FCA71C4D8}.Debug|Any CPU.Build.0 = Debug|Any CPU
		{4E3EBD19-0CE4-487A-BB73-D37FCA71C4D8}.Release|Any CPU.ActiveCfg = Release|Any CPU
		{4E3EBD19-0CE4-487A-BB73-D37FCA71C4D8}.Release|Any CPU.Build.0 = Release|Any CPU
		{92260D86-66C7-481F-B0DC-4D73DCF2F545}.Debug|Any CPU.ActiveCfg = Debug|Any CPU
		{92260D86-66C7-481F-B0DC-4D73DCF2F545}.Debug|Any CPU.Build.0 = Debug|Any CPU
		{92260D86-66C7-481F-B0DC-4D73DCF2F545}.Release|Any CPU.ActiveCfg = Release|Any CPU
		{92260D86-66C7-481F-B0DC-4D73DCF2F545}.Release|Any CPU.Build.0 = Release|Any CPU
		{A5D912A0-A9AD-4BC4-93FA-6963DBC91E9C}.Debug|Any CPU.ActiveCfg = Debug|Any CPU
		{A5D912A0-A9AD-4BC4-93FA-6963DBC91E9C}.Debug|Any CPU.Build.0 = Debug|Any CPU
		{A5D912A0-A9AD-4BC4-93FA-6963DBC91E9C}.Release|Any CPU.ActiveCfg = Release|Any CPU
		{A5D912A0-A9AD-4BC4-93FA-6963DBC91E9C}.Release|Any CPU.Build.0 = Release|Any CPU
	EndGlobalSection
EndGlobal
